Microsoft Visual Studio Solution File, Format Version 11.00
# Visual Studio 2008

Project("{1EB22284-BA99-EA44-2828-228526F44C29}") = "IntensiveWeekGrp7", "Assembly-CSharp.csproj", "{FA64CBEE-95FA-EB50-57F3-F86C518E2F52}"
EndProject
Global
	GlobalSection(SolutionConfigurationPlatforms) = preSolution
		Debug|Any CPU = Debug|Any CPU
		Release|Any CPU = Release|Any CPU
	EndGlobalSection
	GlobalSection(ProjectConfigurationPlatforms) = postSolution
		{FA64CBEE-95FA-EB50-57F3-F86C518E2F52}.Debug|Any CPU.ActiveCfg = Debug|Any CPU
		{FA64CBEE-95FA-EB50-57F3-F86C518E2F52}.Debug|Any CPU.Build.0 = Debug|Any CPU
		{FA64CBEE-95FA-EB50-57F3-F86C518E2F52}.Release|Any CPU.ActiveCfg = Release|Any CPU
		{FA64CBEE-95FA-EB50-57F3-F86C518E2F52}.Release|Any CPU.Build.0 = Release|Any CPU
	EndGlobalSection
	GlobalSection(SolutionProperties) = preSolution
		HideSolutionNode = FALSE
	EndGlobalSection
	GlobalSection(MonoDevelopProperties) = preSolution
		StartupItem = Assembly-CSharp.csproj
	EndGlobalSection
EndGlobal
