Microsoft Visual Studio Solution File, Format Version 11.00
# Visual Studio 2008

Project("{7CCA0012-D951-A397-CD99-BCFAF5CFFF84}") = "SemaineIntensive", "Assembly-CSharp.csproj", "{F85131EA-044E-555C-3018-DC0AFFD6BD36}"
EndProject
Global
	GlobalSection(SolutionConfigurationPlatforms) = preSolution
		Debug|Any CPU = Debug|Any CPU
		Release|Any CPU = Release|Any CPU
	EndGlobalSection
	GlobalSection(ProjectConfigurationPlatforms) = postSolution
		{F85131EA-044E-555C-3018-DC0AFFD6BD36}.Debug|Any CPU.ActiveCfg = Debug|Any CPU
		{F85131EA-044E-555C-3018-DC0AFFD6BD36}.Debug|Any CPU.Build.0 = Debug|Any CPU
		{F85131EA-044E-555C-3018-DC0AFFD6BD36}.Release|Any CPU.ActiveCfg = Release|Any CPU
		{F85131EA-044E-555C-3018-DC0AFFD6BD36}.Release|Any CPU.Build.0 = Release|Any CPU
	EndGlobalSection
	GlobalSection(SolutionProperties) = preSolution
		HideSolutionNode = FALSE
	EndGlobalSection
	GlobalSection(MonoDevelopProperties) = preSolution
		StartupItem = Assembly-CSharp.csproj
	EndGlobalSection
EndGlobal
